// !$*UTF8*$!
{
	archiveVersion = 1;
	classes = {
	};
	objectVersion = 46;
	objects = {

/* Begin PBXBuildFile section */
		68A478641C15DAC700E1AC93 /* AppDelegate.swift in Sources */ = {isa = PBXBuildFile; fileRef = 68A478631C15DAC700E1AC93 /* AppDelegate.swift */; };
		68A478661C15DAC700E1AC93 /* ViewController.swift in Sources */ = {isa = PBXBuildFile; fileRef = 68A478651C15DAC700E1AC93 /* ViewController.swift */; };
		68A478691C15DAC700E1AC93 /* Main.storyboard in Resources */ = {isa = PBXBuildFile; fileRef = 68A478671C15DAC700E1AC93 /* Main.storyboard */; };
		68A4786B1C15DAC700E1AC93 /* Assets.xcassets in Resources */ = {isa = PBXBuildFile; fileRef = 68A4786A1C15DAC700E1AC93 /* Assets.xcassets */; };
		68A4786E1C15DAC700E1AC93 /* LaunchScreen.storyboard in Resources */ = {isa = PBXBuildFile; fileRef = 68A4786C1C15DAC700E1AC93 /* LaunchScreen.storyboard */; };
		68A478791C15DAC700E1AC93 /* AWSQLiteDBTests.swift in Sources */ = {isa = PBXBuildFile; fileRef = 68A478781C15DAC700E1AC93 /* AWSQLiteDBTests.swift */; };
		68A478841C15DB5100E1AC93 /* libsqlite3.0.tbd in Frameworks */ = {isa = PBXBuildFile; fileRef = 68A478831C15DB5100E1AC93 /* libsqlite3.0.tbd */; };
		68A478871C15DBBD00E1AC93 /* SQLiteDB.swift in Sources */ = {isa = PBXBuildFile; fileRef = 68A478861C15DBBD00E1AC93 /* SQLiteDB.swift */; };
/* End PBXBuildFile section */

/* Begin PBXContainerItemProxy section */
		68A478751C15DAC700E1AC93 /* PBXContainerItemProxy */ = {
			isa = PBXContainerItemProxy;
			containerPortal = 68A478581C15DAC700E1AC93 /* Project object */;
			proxyType = 1;
			remoteGlobalIDString = 68A4785F1C15DAC700E1AC93;
			remoteInfo = AWSQLiteDB;
		};
/* End PBXContainerItemProxy section */

/* Begin PBXFileReference section */
		68A478601C15DAC700E1AC93 /* AWSQLiteDB.app */ = {isa = PBXFileReference; explicitFileType = wrapper.application; includeInIndex = 0; path = AWSQLiteDB.app; sourceTree = BUILT_PRODUCTS_DIR; };
		68A478631C15DAC700E1AC93 /* AppDelegate.swift */ = {isa = PBXFileReference; lastKnownFileType = sourcecode.swift; path = AppDelegate.swift; sourceTree = "<group>"; };
		68A478651C15DAC700E1AC93 /* ViewController.swift */ = {isa = PBXFileReference; lastKnownFileType = sourcecode.swift; path = ViewController.swift; sourceTree = "<group>"; };
		68A478681C15DAC700E1AC93 /* Base */ = {isa = PBXFileReference; lastKnownFileType = file.storyboard; name = Base; path = Base.lproj/Main.storyboard; sourceTree = "<group>"; };
		68A4786A1C15DAC700E1AC93 /* Assets.xcassets */ = {isa = PBXFileReference; lastKnownFileType = folder.assetcatalog; path = Assets.xcassets; sourceTree = "<group>"; };
		68A4786D1C15DAC700E1AC93 /* Base */ = {isa = PBXFileReference; lastKnownFileType = file.storyboard; name = Base; path = Base.lproj/LaunchScreen.storyboard; sourceTree = "<group>"; };
		68A4786F1C15DAC700E1AC93 /* Info.plist */ = {isa = PBXFileReference; lastKnownFileType = text.plist.xml; path = Info.plist; sourceTree = "<group>"; };
		68A478741C15DAC700E1AC93 /* AWSQLiteDBTests.xctest */ = {isa = PBXFileReference; explicitFileType = wrapper.cfbundle; includeInIndex = 0; path = AWSQLiteDBTests.xctest; sourceTree = BUILT_PRODUCTS_DIR; };
		68A478781C15DAC700E1AC93 /* AWSQLiteDBTests.swift */ = {isa = PBXFileReference; lastKnownFileType = sourcecode.swift; path = AWSQLiteDBTests.swift; sourceTree = "<group>"; };
		68A4787A1C15DAC700E1AC93 /* Info.plist */ = {isa = PBXFileReference; lastKnownFileType = text.plist.xml; path = Info.plist; sourceTree = "<group>"; };
		68A478831C15DB5100E1AC93 /* libsqlite3.0.tbd */ = {isa = PBXFileReference; lastKnownFileType = "sourcecode.text-based-dylib-definition"; name = libsqlite3.0.tbd; path = usr/lib/libsqlite3.0.tbd; sourceTree = SDKROOT; };
		68A478851C15DB7300E1AC93 /* AWSQLiteDB-Bridging-Header.h */ = {isa = PBXFileReference; lastKnownFileType = sourcecode.c.h; path = "AWSQLiteDB-Bridging-Header.h"; sourceTree = "<group>"; };
		68A478861C15DBBD00E1AC93 /* SQLiteDB.swift */ = {isa = PBXFileReference; fileEncoding = 4; lastKnownFileType = sourcecode.swift; path = SQLiteDB.swift; sourceTree = "<group>"; };
/* End PBXFileReference section */

/* Begin PBXFrameworksBuildPhase section */
		68A4785D1C15DAC700E1AC93 /* Frameworks */ = {
			isa = PBXFrameworksBuildPhase;
			buildActionMask = 2147483647;
			files = (
				68A478841C15DB5100E1AC93 /* libsqlite3.0.tbd in Frameworks */,
			);
			runOnlyForDeploymentPostprocessing = 0;
		};
		68A478711C15DAC700E1AC93 /* Frameworks */ = {
			isa = PBXFrameworksBuildPhase;
			buildActionMask = 2147483647;
			files = (
			);
			runOnlyForDeploymentPostprocessing = 0;
		};
/* End PBXFrameworksBuildPhase section */

/* Begin PBXGroup section */
		68A478571C15DAC700E1AC93 = {
			isa = PBXGroup;
			children = (
				68A478831C15DB5100E1AC93 /* libsqlite3.0.tbd */,
				68A478621C15DAC700E1AC93 /* AWSQLiteDB */,
				68A478771C15DAC700E1AC93 /* AWSQLiteDBTests */,
				68A478611C15DAC700E1AC93 /* Products */,
			);
			sourceTree = "<group>";
		};
		68A478611C15DAC700E1AC93 /* Products */ = {
			isa = PBXGroup;
			children = (
				68A478601C15DAC700E1AC93 /* AWSQLiteDB.app */,
				68A478741C15DAC700E1AC93 /* AWSQLiteDBTests.xctest */,
			);
			name = Products;
			sourceTree = "<group>";
		};
		68A478621C15DAC700E1AC93 /* AWSQLiteDB */ = {
			isa = PBXGroup;
			children = (
				68A478861C15DBBD00E1AC93 /* SQLiteDB.swift */,
				68A478631C15DAC700E1AC93 /* AppDelegate.swift */,
				68A478651C15DAC700E1AC93 /* ViewController.swift */,
				68A478671C15DAC700E1AC93 /* Main.storyboard */,
				68A4786A1C15DAC700E1AC93 /* Assets.xcassets */,
				68A4786C1C15DAC700E1AC93 /* LaunchScreen.storyboard */,
				68A4786F1C15DAC700E1AC93 /* Info.plist */,
				68A478851C15DB7300E1AC93 /* AWSQLiteDB-Bridging-Header.h */,
			);
			path = AWSQLiteDB;
			sourceTree = "<group>";
		};
		68A478771C15DAC700E1AC93 /* AWSQLiteDBTests */ = {
			isa = PBXGroup;
			children = (
				68A478781C15DAC700E1AC93 /* AWSQLiteDBTests.swift */,
				68A4787A1C15DAC700E1AC93 /* Info.plist */,
			);
			path = AWSQLiteDBTests;
			sourceTree = "<group>";
		};
/* End PBXGroup section */

/* Begin PBXNativeTarget section */
		68A4785F1C15DAC700E1AC93 /* AWSQLiteDB */ = {
			isa = PBXNativeTarget;
			buildConfigurationList = 68A4787D1C15DAC700E1AC93 /* Build configuration list for PBXNativeTarget "AWSQLiteDB" */;
			buildPhases = (
				68A4785C1C15DAC700E1AC93 /* Sources */,
				68A4785D1C15DAC700E1AC93 /* Frameworks */,
				68A4785E1C15DAC700E1AC93 /* Resources */,
			);
			buildRules = (
			);
			dependencies = (
			);
			name = AWSQLiteDB;
			productName = AWSQLiteDB;
			productReference = 68A478601C15DAC700E1AC93 /* AWSQLiteDB.app */;
			productType = "com.apple.product-type.application";
		};
		68A478731C15DAC700E1AC93 /* AWSQLiteDBTests */ = {
			isa = PBXNativeTarget;
			buildConfigurationList = 68A478801C15DAC700E1AC93 /* Build configuration list for PBXNativeTarget "AWSQLiteDBTests" */;
			buildPhases = (
				68A478701C15DAC700E1AC93 /* Sources */,
				68A478711C15DAC700E1AC93 /* Frameworks */,
				68A478721C15DAC700E1AC93 /* Resources */,
			);
			buildRules = (
			);
			dependencies = (
				68A478761C15DAC700E1AC93 /* PBXTargetDependency */,
			);
			name = AWSQLiteDBTests;
			productName = AWSQLiteDBTests;
			productReference = 68A478741C15DAC700E1AC93 /* AWSQLiteDBTests.xctest */;
			productType = "com.apple.product-type.bundle.unit-test";
		};
/* End PBXNativeTarget section */

/* Begin PBXProject section */
		68A478581C15DAC700E1AC93 /* Project object */ = {
			isa = PBXProject;
			attributes = {
				LastSwiftUpdateCheck = 0710;
				LastUpgradeCheck = 0710;
				ORGANIZATIONNAME = "秦 道平";
				TargetAttributes = {
					68A4785F1C15DAC700E1AC93 = {
						CreatedOnToolsVersion = 7.1.1;
					};
					68A478731C15DAC700E1AC93 = {
						CreatedOnToolsVersion = 7.1.1;
						TestTargetID = 68A4785F1C15DAC700E1AC93;
					};
				};
			};
			buildConfigurationList = 68A4785B1C15DAC700E1AC93 /* Build configuration list for PBXProject "AWSQLiteDB" */;
			compatibilityVersion = "Xcode 3.2";
			developmentRegion = English;
			hasScannedForEncodings = 0;
			knownRegions = (
				en,
				Base,
			);
			mainGroup = 68A478571C15DAC700E1AC93;
			productRefGroup = 68A478611C15DAC700E1AC93 /* Products */;
			projectDirPath = "";
			projectRoot = "";
			targets = (
				68A4785F1C15DAC700E1AC93 /* AWSQLiteDB */,
				68A478731C15DAC700E1AC93 /* AWSQLiteDBTests */,
			);
		};
/* End PBXProject section */

/* Begin PBXResourcesBuildPhase section */
		68A4785E1C15DAC700E1AC93 /* Resources */ = {
			isa = PBXResourcesBuildPhase;
			buildActionMask = 2147483647;
			files = (
				68A4786E1C15DAC700E1AC93 /* LaunchScreen.storyboard in Resources */,
				68A4786B1C15DAC700E1AC93 /* Assets.xcassets in Resources */,
				68A478691C15DAC700E1AC93 /* Main.storyboard in Resources */,
			);
			runOnlyForDeploymentPostprocessing = 0;
		};
		68A478721C15DAC700E1AC93 /* Resources */ = {
			isa = PBXResourcesBuildPhase;
			buildActionMask = 2147483647;
			files = (
			);
			runOnlyForDeploymentPostprocessing = 0;
		};
/* End PBXResourcesBuildPhase section */

/* Begin PBXSourcesBuildPhase section */
		68A4785C1C15DAC700E1AC93 /* Sources */ = {
			isa = PBXSourcesBuildPhase;
			buildActionMask = 2147483647;
			files = (
				68A478871C15DBBD00E1AC93 /* SQLiteDB.swift in Sources */,
				68A478661C15DAC700E1AC93 /* ViewController.swift in Sources */,
				68A478641C15DAC700E1AC93 /* AppDelegate.swift in Sources */,
			);
			runOnlyForDeploymentPostprocessing = 0;
		};
		68A478701C15DAC700E1AC93 /* Sources */ = {
			isa = PBXSourcesBuildPhase;
			buildActionMask = 2147483647;
			files = (
				68A478791C15DAC700E1AC93 /* AWSQLiteDBTests.swift in Sources */,
			);
			runOnlyForDeploymentPostprocessing = 0;
		};
/* End PBXSourcesBuildPhase section */

/* Begin PBXTargetDependency section */
		68A478761C15DAC700E1AC93 /* PBXTargetDependency */ = {
			isa = PBXTargetDependency;
			target = 68A4785F1C15DAC700E1AC93 /* AWSQLiteDB */;
			targetProxy = 68A478751C15DAC700E1AC93 /* PBXContainerItemProxy */;
		};
/* End PBXTargetDependency section */

/* Begin PBXVariantGroup section */
		68A478671C15DAC700E1AC93 /* Main.storyboard */ = {
			isa = PBXVariantGroup;
			children = (
				68A478681C15DAC700E1AC93 /* Base */,
			);
			name = Main.storyboard;
			sourceTree = "<group>";
		};
		68A4786C1C15DAC700E1AC93 /* LaunchScreen.storyboard */ = {
			isa = PBXVariantGroup;
			children = (
				68A4786D1C15DAC700E1AC93 /* Base */,
			);
			name = LaunchScreen.storyboard;
			sourceTree = "<group>";
		};
/* End PBXVariantGroup section */

/* Begin XCBuildConfiguration section */
		68A4787B1C15DAC700E1AC93 /* Debug */ = {
			isa = XCBuildConfiguration;
			buildSettings = {
				ALWAYS_SEARCH_USER_PATHS = NO;
				CLANG_CXX_LANGUAGE_STANDARD = "gnu++0x";
				CLANG_CXX_LIBRARY = "libc++";
				CLANG_ENABLE_MODULES = YES;
				CLANG_ENABLE_OBJC_ARC = YES;
				CLANG_WARN_BOOL_CONVERSION = YES;
				CLANG_WARN_CONSTANT_CONVERSION = YES;
				CLANG_WARN_DIRECT_OBJC_ISA_USAGE = YES_ERROR;
				CLANG_WARN_EMPTY_BODY = YES;
				CLANG_WARN_ENUM_CONVERSION = YES;
				CLANG_WARN_INT_CONVERSION = YES;
				CLANG_WARN_OBJC_ROOT_CLASS = YES_ERROR;
				CLANG_WARN_UNREACHABLE_CODE = YES;
				CLANG_WARN__DUPLICATE_METHOD_MATCH = YES;
				"CODE_SIGN_IDENTITY[sdk=iphoneos*]" = "iPhone Developer";
				COPY_PHASE_STRIP = NO;
				DEBUG_INFORMATION_FORMAT = dwarf;
				ENABLE_STRICT_OBJC_MSGSEND = YES;
				ENABLE_TESTABILITY = YES;
				GCC_C_LANGUAGE_STANDARD = gnu99;
				GCC_DYNAMIC_NO_PIC = NO;
				GCC_NO_COMMON_BLOCKS = YES;
				GCC_OPTIMIZATION_LEVEL = 0;
				GCC_PREPROCESSOR_DEFINITIONS = (
					"DEBUG=1",
					"$(inherited)",
				);
				GCC_WARN_64_TO_32_BIT_CONVERSION = YES;
				GCC_WARN_ABOUT_RETURN_TYPE = YES_ERROR;
				GCC_WARN_UNDECLARED_SELECTOR = YES;
				GCC_WARN_UNINITIALIZED_AUTOS = YES_AGGRESSIVE;
				GCC_WARN_UNUSED_FUNCTION = YES;
				GCC_WARN_UNUSED_VARIABLE = YES;
				IPHONEOS_DEPLOYMENT_TARGET = 9.1;
				MTL_ENABLE_DEBUG_INFO = YES;
				ONLY_ACTIVE_ARCH = YES;
				SDKROOT = iphoneos;
				SWIFT_OPTIMIZATION_LEVEL = "-Onone";
			};
			name = Debug;
		};
		68A4787C1C15DAC700E1AC93 /* Release */ = {
			isa = XCBuildConfiguration;
			buildSettings = {
				ALWAYS_SEARCH_USER_PATHS = NO;
				CLANG_CXX_LANGUAGE_STANDARD = "gnu++0x";
				CLANG_CXX_LIBRARY = "libc++";
				CLANG_ENABLE_MODULES = YES;
				CLANG_ENABLE_OBJC_ARC = YES;
				CLANG_WARN_BOOL_CONVERSION = YES;
				CLANG_WARN_CONSTANT_CONVERSION = YES;
				CLANG_WARN_DIRECT_OBJC_ISA_USAGE = YES_ERROR;
				CLANG_WARN_EMPTY_BODY = YES;
				CLANG_WARN_ENUM_CONVERSION = YES;
				CLANG_WARN_INT_CONVERSION = YES;
				CLANG_WARN_OBJC_ROOT_CLASS = YES_ERROR;
				CLANG_WARN_UNREACHABLE_CODE = YES;
				CLANG_WARN__DUPLICATE_METHOD_MATCH = YES;
				"CODE_SIGN_IDENTITY[sdk=iphoneos*]" = "iPhone Developer";
				COPY_PHASE_STRIP = NO;
				DEBUG_INFORMATION_FORMAT = "dwarf-with-dsym";
				ENABLE_NS_ASSERTIONS = NO;
				ENABLE_STRICT_OBJC_MSGSEND = YES;
				GCC_C_LANGUAGE_STANDARD = gnu99;
				GCC_NO_COMMON_BLOCKS = YES;
				GCC_WARN_64_TO_32_BIT_CONVERSION = YES;
				GCC_WARN_ABOUT_RETURN_TYPE = YES_ERROR;
				GCC_WARN_UNDECLARED_SELECTOR = YES;
				GCC_WARN_UNINITIALIZED_AUTOS = YES_AGGRESSIVE;
				GCC_WARN_UNUSED_FUNCTION = YES;
				GCC_WARN_UNUSED_VARIABLE = YES;
				IPHONEOS_DEPLOYMENT_TARGET = 9.1;
				MTL_ENABLE_DEBUG_INFO = NO;
				SDKROOT = iphoneos;
				VALIDATE_PRODUCT = YES;
			};
			name = Release;
		};
		68A4787E1C15DAC700E1AC93 /* Debug */ = {
			isa = XCBuildConfiguration;
			buildSettings = {
				ASSETCATALOG_COMPILER_APPICON_NAME = AppIcon;
				INFOPLIST_FILE = AWSQLiteDB/Info.plist;
				LD_RUNPATH_SEARCH_PATHS = "$(inherited) @executable_path/Frameworks";
				PRODUCT_BUNDLE_IDENTIFIER = adow.AWSQLiteDB;
				PRODUCT_NAME = "$(TARGET_NAME)";
				SWIFT_OBJC_BRIDGING_HEADER = "AWSQLiteDB/AWSQLiteDB-Bridging-Header.h";
			};
			name = Debug;
		};
		68A4787F1C15DAC700E1AC93 /* Release */ = {
			isa = XCBuildConfiguration;
			buildSettings = {
				ASSETCATALOG_COMPILER_APPICON_NAME = AppIcon;
				INFOPLIST_FILE = AWSQLiteDB/Info.plist;
				LD_RUNPATH_SEARCH_PATHS = "$(inherited) @executable_path/Frameworks";
				PRODUCT_BUNDLE_IDENTIFIER = adow.AWSQLiteDB;
				PRODUCT_NAME = "$(TARGET_NAME)";
				SWIFT_OBJC_BRIDGING_HEADER = "AWSQLiteDB/AWSQLiteDB-Bridging-Header.h";
			};
			name = Release;
		};
		68A478811C15DAC700E1AC93 /* Debug */ = {
			isa = XCBuildConfiguration;
			buildSettings = {
				BUNDLE_LOADER = "$(TEST_HOST)";
				INFOPLIST_FILE = AWSQLiteDBTests/Info.plist;
				LD_RUNPATH_SEARCH_PATHS = "$(inherited) @executable_path/Frameworks @loader_path/Frameworks";
				PRODUCT_BUNDLE_IDENTIFIER = adow.AWSQLiteDBTests;
				PRODUCT_NAME = "$(TARGET_NAME)";
				TEST_HOST = "$(BUILT_PRODUCTS_DIR)/AWSQLiteDB.app/AWSQLiteDB";
			};
			name = Debug;
		};
		68A478821C15DAC700E1AC93 /* Release */ = {
			isa = XCBuildConfiguration;
			buildSettings = {
				BUNDLE_LOADER = "$(TEST_HOST)";
				INFOPLIST_FILE = AWSQLiteDBTests/Info.plist;
				LD_RUNPATH_SEARCH_PATHS = "$(inherited) @executable_path/Frameworks @loader_path/Frameworks";
				PRODUCT_BUNDLE_IDENTIFIER = adow.AWSQLiteDBTests;
				PRODUCT_NAME = "$(TARGET_NAME)";
				TEST_HOST = "$(BUILT_PRODUCTS_DIR)/AWSQLiteDB.app/AWSQLiteDB";
			};
			name = Release;
		};
/* End XCBuildConfiguration section */

/* Begin XCConfigurationList section */
		68A4785B1C15DAC700E1AC93 /* Build configuration list for PBXProject "AWSQLiteDB" */ = {
			isa = XCConfigurationList;
			buildConfigurations = (
				68A4787B1C15DAC700E1AC93 /* Debug */,
				68A4787C1C15DAC700E1AC93 /* Release */,
			);
			defaultConfigurationIsVisible = 0;
			defaultConfigurationName = Release;
		};
		68A4787D1C15DAC700E1AC93 /* Build configuration list for PBXNativeTarget "AWSQLiteDB" */ = {
			isa = XCConfigurationList;
			buildConfigurations = (
				68A4787E1C15DAC700E1AC93 /* Debug */,
				68A4787F1C15DAC700E1AC93 /* Release */,
			);
			defaultConfigurationIsVisible = 0;
			defaultConfigurationName = Release;
		};
		68A478801C15DAC700E1AC93 /* Build configuration list for PBXNativeTarget "AWSQLiteDBTests" */ = {
			isa = XCConfigurationList;
			buildConfigurations = (
				68A478811C15DAC700E1AC93 /* Debug */,
				68A478821C15DAC700E1AC93 /* Release */,
			);
			defaultConfigurationIsVisible = 0;
			defaultConfigurationName = Release;
		};
/* End XCConfigurationList section */
	};
	rootObject = 68A478581C15DAC700E1AC93 /* Project object */;
}
